{
  "name": "romance-orbit",
  "version": "1.0.0",
  "lockfileVersion": 3,
  "requires": true,
  "packages": {
    "": {
      "name": "romance-orbit",
      "version": "1.0.0",
      "dependencies": {
        "@react-three/drei": "latest",
        "@react-three/fiber": "latest",
        "three": "latest",
        "react": "latest",
        "react-dom": "latest"
      },
      "devDependencies": {
        "@types/react": "latest",
        "@types/react-dom": "latest",
        "@types/three": "latest",
        "@vitejs/plugin-react": "latest",
        "typescript": "latest",
        "vite": "latest"
      }
    }
  }
}
